
Microsoft Visual Studio Solution File, Format Version 12.00
# Visual Studio Version 17
VisualStudioVersion = 17.8.34511.84
MinimumVisualStudioVersion = 10.0.40219.1
Project("{FAE04EC0-301F-11D3-BF4B-00C04F79EFBC}") = "NewTalents", "NewTalents\NewTalents.csproj", "{2BB6DF3B-A203-4BDB-977A-100267A75960}"
EndProject
Project("{FAE04EC0-301F-11D3-BF4B-00C04F79EFBC}") = "TesteNewTalents", "TesteNewTalents\TesteNewTalents.csproj", "{7F0E7A62-E4C5-4544-A53B-D15B2BE6FA76}"
EndProject
Global
	GlobalSection(SolutionConfigurationPlatforms) = preSolution
		Debug|Any CPU = Debug|Any CPU
		Release|Any CPU = Release|Any CPU
	EndGlobalSection
	GlobalSection(ProjectConfigurationPlatforms) = postSolution
		{2BB6DF3B-A203-4BDB-977A-100267A75960}.Debug|Any CPU.ActiveCfg = Debug|Any CPU
		{2BB6DF3B-A203-4BDB-977A-100267A75960}.Debug|Any CPU.Build.0 = Debug|Any CPU
		{2BB6DF3B-A203-4BDB-977A-100267A75960}.Release|Any CPU.ActiveCfg = Release|Any CPU
		{2BB6DF3B-A203-4BDB-977A-100267A75960}.Release|Any CPU.Build.0 = Release|Any CPU
		{7F0E7A62-E4C5-4544-A53B-D15B2BE6FA76}.Debug|Any CPU.ActiveCfg = Debug|Any CPU
		{7F0E7A62-E4C5-4544-A53B-D15B2BE6FA76}.Debug|Any CPU.Build.0 = Debug|Any CPU
		{7F0E7A62-E4C5-4544-A53B-D15B2BE6FA76}.Release|Any CPU.ActiveCfg = Release|Any CPU
		{7F0E7A62-E4C5-4544-A53B-D15B2BE6FA76}.Release|Any CPU.Build.0 = Release|Any CPU
	EndGlobalSection
	GlobalSection(SolutionProperties) = preSolution
		HideSolutionNode = FALSE
	EndGlobalSection
	GlobalSection(ExtensibilityGlobals) = postSolution
		SolutionGuid = {86FC5E09-2A82-49E7-A213-ACD2467E144C}
	EndGlobalSection
EndGlobal
